
Microsoft Visual Studio Solution File, Format Version 12.00
# Visual Studio Version 17
VisualStudioVersion = 17.5.33424.131
MinimumVisualStudioVersion = 10.0.40219.1
Project("{2150E333-8FDC-42A3-9474-1A3956D46DE8}") = "src", "src", "{F44BA310-BA04-4343-936A-9E788E06090F}"
EndProject
Project("{2150E333-8FDC-42A3-9474-1A3956D46DE8}") = "test", "test", "{38BA1B43-591B-4ECE-8E22-7F5BCFF495F7}"
EndProject
Project("{2150E333-8FDC-42A3-9474-1A3956D46DE8}") = "API", "API", "{D06728CF-F000-4FB3-B017-B921E94DC902}"
EndProject
Project("{2150E333-8FDC-42A3-9474-1A3956D46DE8}") = "Core", "Core", "{9E94954E-9270-4608-B3C1-350A4F176291}"
EndProject
Project("{2150E333-8FDC-42A3-9474-1A3956D46DE8}") = "Infrastructure", "Infrastructure", "{CF709344-C19A-4DEA-9B79-A74D69C746F2}"
EndProject
Project("{2150E333-8FDC-42A3-9474-1A3956D46DE8}") = "UI", "UI", "{31EAAEE1-5E72-4EB3-B704-D475AE22E336}"
EndProject
Project("{9A19103F-16F7-4668-BE54-9A1E7A4F7556}") = "HR_Management.Domain", "..\HR_Management.Domain\HR_Management.Domain.csproj", "{F35648A7-005C-46A9-A244-ACEF5D754951}"
EndProject
Project("{9A19103F-16F7-4668-BE54-9A1E7A4F7556}") = "HR_Management.Application", "..\HR_Management.Application\HR_Management.Application.csproj", "{351D0D20-9917-4F8F-A1D4-7746B0058C5F}"
EndProject
Project("{9A19103F-16F7-4668-BE54-9A1E7A4F7556}") = "HR_Management.Infrastructure", "HR_Management.Infrastructure\HR_Management.Infrastructure.csproj", "{6E6AA205-9EA7-4AD6-B63A-309A13BED80C}"
EndProject
Project("{9A19103F-16F7-4668-BE54-9A1E7A4F7556}") = "HR_Management.Persistance", "HR_Management.Persistance\HR_Management.Persistance.csproj", "{D02C6D4A-F14C-4733-9BBE-1D80DE6C986E}"
EndProject
Project("{9A19103F-16F7-4668-BE54-9A1E7A4F7556}") = "HR_Management.Api", "..\HR_Management.Api\HR_Management.Api.csproj", "{2290A27D-1B23-4AD6-A2C7-E18EA99E6E8C}"
EndProject
Project("{FAE04EC0-301F-11D3-BF4B-00C04F79EFBC}") = "HR_Management.UnitTest", "HR_Management.UnitTest\HR_Management.UnitTest.csproj", "{8A56ED49-F615-4157-AD0F-A6C4299949DA}"
EndProject
Global
	GlobalSection(SolutionConfigurationPlatforms) = preSolution
		Debug|Any CPU = Debug|Any CPU
		Release|Any CPU = Release|Any CPU
	EndGlobalSection
	GlobalSection(ProjectConfigurationPlatforms) = postSolution
		{F35648A7-005C-46A9-A244-ACEF5D754951}.Debug|Any CPU.ActiveCfg = Debug|Any CPU
		{F35648A7-005C-46A9-A244-ACEF5D754951}.Debug|Any CPU.Build.0 = Debug|Any CPU
		{F35648A7-005C-46A9-A244-ACEF5D754951}.Release|Any CPU.ActiveCfg = Release|Any CPU
		{F35648A7-005C-46A9-A244-ACEF5D754951}.Release|Any CPU.Build.0 = Release|Any CPU
		{351D0D20-9917-4F8F-A1D4-7746B0058C5F}.Debug|Any CPU.ActiveCfg = Debug|Any CPU
		{351D0D20-9917-4F8F-A1D4-7746B0058C5F}.Debug|Any CPU.Build.0 = Debug|Any CPU
		{351D0D20-9917-4F8F-A1D4-7746B0058C5F}.Release|Any CPU.ActiveCfg = Release|Any CPU
		{351D0D20-9917-4F8F-A1D4-7746B0058C5F}.Release|Any CPU.Build.0 = Release|Any CPU
		{6E6AA205-9EA7-4AD6-B63A-309A13BED80C}.Debug|Any CPU.ActiveCfg = Debug|Any CPU
		{6E6AA205-9EA7-4AD6-B63A-309A13BED80C}.Debug|Any CPU.Build.0 = Debug|Any CPU
		{6E6AA205-9EA7-4AD6-B63A-309A13BED80C}.Release|Any CPU.ActiveCfg = Release|Any CPU
		{6E6AA205-9EA7-4AD6-B63A-309A13BED80C}.Release|Any CPU.Build.0 = Release|Any CPU
		{D02C6D4A-F14C-4733-9BBE-1D80DE6C986E}.Debug|Any CPU.ActiveCfg = Debug|Any CPU
		{D02C6D4A-F14C-4733-9BBE-1D80DE6C986E}.Debug|Any CPU.Build.0 = Debug|Any CPU
		{D02C6D4A-F14C-4733-9BBE-1D80DE6C986E}.Release|Any CPU.ActiveCfg = Release|Any CPU
		{D02C6D4A-F14C-4733-9BBE-1D80DE6C986E}.Release|Any CPU.Build.0 = Release|Any CPU
		{2290A27D-1B23-4AD6-A2C7-E18EA99E6E8C}.Debug|Any CPU.ActiveCfg = Debug|Any CPU
		{2290A27D-1B23-4AD6-A2C7-E18EA99E6E8C}.Debug|Any CPU.Build.0 = Debug|Any CPU
		{2290A27D-1B23-4AD6-A2C7-E18EA99E6E8C}.Release|Any CPU.ActiveCfg = Release|Any CPU
		{2290A27D-1B23-4AD6-A2C7-E18EA99E6E8C}.Release|Any CPU.Build.0 = Release|Any CPU
		{8A56ED49-F615-4157-AD0F-A6C4299949DA}.Debug|Any CPU.ActiveCfg = Debug|Any CPU
		{8A56ED49-F615-4157-AD0F-A6C4299949DA}.Debug|Any CPU.Build.0 = Debug|Any CPU
		{8A56ED49-F615-4157-AD0F-A6C4299949DA}.Release|Any CPU.ActiveCfg = Release|Any CPU
		{8A56ED49-F615-4157-AD0F-A6C4299949DA}.Release|Any CPU.Build.0 = Release|Any CPU
	EndGlobalSection
	GlobalSection(SolutionProperties) = preSolution
		HideSolutionNode = FALSE
	EndGlobalSection
	GlobalSection(NestedProjects) = preSolution
		{D06728CF-F000-4FB3-B017-B921E94DC902} = {F44BA310-BA04-4343-936A-9E788E06090F}
		{9E94954E-9270-4608-B3C1-350A4F176291} = {F44BA310-BA04-4343-936A-9E788E06090F}
		{CF709344-C19A-4DEA-9B79-A74D69C746F2} = {F44BA310-BA04-4343-936A-9E788E06090F}
		{31EAAEE1-5E72-4EB3-B704-D475AE22E336} = {F44BA310-BA04-4343-936A-9E788E06090F}
		{F35648A7-005C-46A9-A244-ACEF5D754951} = {9E94954E-9270-4608-B3C1-350A4F176291}
		{351D0D20-9917-4F8F-A1D4-7746B0058C5F} = {9E94954E-9270-4608-B3C1-350A4F176291}
		{6E6AA205-9EA7-4AD6-B63A-309A13BED80C} = {CF709344-C19A-4DEA-9B79-A74D69C746F2}
		{D02C6D4A-F14C-4733-9BBE-1D80DE6C986E} = {CF709344-C19A-4DEA-9B79-A74D69C746F2}
		{2290A27D-1B23-4AD6-A2C7-E18EA99E6E8C} = {D06728CF-F000-4FB3-B017-B921E94DC902}
		{8A56ED49-F615-4157-AD0F-A6C4299949DA} = {38BA1B43-591B-4ECE-8E22-7F5BCFF495F7}
	EndGlobalSection
	GlobalSection(ExtensibilityGlobals) = postSolution
		SolutionGuid = {D8F8B9C9-375D-4B3E-99B7-B78CD4865F82}
	EndGlobalSection
EndGlobal
